
Microsoft Visual Studio Solution File, Format Version 12.00
# Visual Studio Version 16
VisualStudioVersion = 16.0.30907.101
MinimumVisualStudioVersion = 10.0.40219.1
Project("{FAE04EC0-301F-11D3-BF4B-00C04F79EFBC}") = "DataAccess", "DataAccess\DataAccess.csproj", "{827AAA25-5885-486B-B2FC-F9C471DE59F9}"
EndProject
Project("{FAE04EC0-301F-11D3-BF4B-00C04F79EFBC}") = "Business", "Business\Business.csproj", "{D5463995-3F25-42B6-8F18-FB66168095C8}"
EndProject
Project("{FAE04EC0-301F-11D3-BF4B-00C04F79EFBC}") = "Entities", "Entities\Entities.csproj", "{43F3C99D-EBF0-44E6-BE8B-B21F02780B26}"
EndProject
Project("{FAE04EC0-301F-11D3-BF4B-00C04F79EFBC}") = "ConsoleUI", "ConsoleUI\ConsoleUI.csproj", "{AA0953F6-2727-4AF1-A617-F39396F8576E}"
EndProject
Global
	GlobalSection(SolutionConfigurationPlatforms) = preSolution
		Debug|Any CPU = Debug|Any CPU
		Release|Any CPU = Release|Any CPU
	EndGlobalSection
	GlobalSection(ProjectConfigurationPlatforms) = postSolution
		{827AAA25-5885-486B-B2FC-F9C471DE59F9}.Debug|Any CPU.ActiveCfg = Debug|Any CPU
		{827AAA25-5885-486B-B2FC-F9C471DE59F9}.Debug|Any CPU.Build.0 = Debug|Any CPU
		{827AAA25-5885-486B-B2FC-F9C471DE59F9}.Release|Any CPU.ActiveCfg = Release|Any CPU
		{827AAA25-5885-486B-B2FC-F9C471DE59F9}.Release|Any CPU.Build.0 = Release|Any CPU
		{D5463995-3F25-42B6-8F18-FB66168095C8}.Debug|Any CPU.ActiveCfg = Debug|Any CPU
		{D5463995-3F25-42B6-8F18-FB66168095C8}.Debug|Any CPU.Build.0 = Debug|Any CPU
		{D5463995-3F25-42B6-8F18-FB66168095C8}.Release|Any CPU.ActiveCfg = Release|Any CPU
		{D5463995-3F25-42B6-8F18-FB66168095C8}.Release|Any CPU.Build.0 = Release|Any CPU
		{43F3C99D-EBF0-44E6-BE8B-B21F02780B26}.Debug|Any CPU.ActiveCfg = Debug|Any CPU
		{43F3C99D-EBF0-44E6-BE8B-B21F02780B26}.Debug|Any CPU.Build.0 = Debug|Any CPU
		{43F3C99D-EBF0-44E6-BE8B-B21F02780B26}.Release|Any CPU.ActiveCfg = Release|Any CPU
		{43F3C99D-EBF0-44E6-BE8B-B21F02780B26}.Release|Any CPU.Build.0 = Release|Any CPU
		{AA0953F6-2727-4AF1-A617-F39396F8576E}.Debug|Any CPU.ActiveCfg = Debug|Any CPU
		{AA0953F6-2727-4AF1-A617-F39396F8576E}.Debug|Any CPU.Build.0 = Debug|Any CPU
		{AA0953F6-2727-4AF1-A617-F39396F8576E}.Release|Any CPU.ActiveCfg = Release|Any CPU
		{AA0953F6-2727-4AF1-A617-F39396F8576E}.Release|Any CPU.Build.0 = Release|Any CPU
	EndGlobalSection
	GlobalSection(SolutionProperties) = preSolution
		HideSolutionNode = FALSE
	EndGlobalSection
	GlobalSection(ExtensibilityGlobals) = postSolution
		SolutionGuid = {915F283C-05BB-4800-BFA6-36B5E7928371}
	EndGlobalSection
EndGlobal
